
Microsoft Visual Studio Solution File, Format Version 12.00
# Visual Studio 15
VisualStudioVersion = 15.0.28307.779
MinimumVisualStudioVersion = 10.0.40219.1
Project("{FAE04EC0-301F-11D3-BF4B-00C04F79EFBC}") = "AE_EagleEyeDemo", "AE_EagleEyeDemo\AE_EagleEyeDemo.csproj", "{20050A18-5E8E-462E-B327-7794F4D5666C}"
EndProject
Global
	GlobalSection(SolutionConfigurationPlatforms) = preSolution
		Debug|Any CPU = Debug|Any CPU
		Release|Any CPU = Release|Any CPU
	EndGlobalSection
	GlobalSection(ProjectConfigurationPlatforms) = postSolution
		{20050A18-5E8E-462E-B327-7794F4D5666C}.Debug|Any CPU.ActiveCfg = Debug|Any CPU
		{20050A18-5E8E-462E-B327-7794F4D5666C}.Debug|Any CPU.Build.0 = Debug|Any CPU
		{20050A18-5E8E-462E-B327-7794F4D5666C}.Release|Any CPU.ActiveCfg = Release|Any CPU
		{20050A18-5E8E-462E-B327-7794F4D5666C}.Release|Any CPU.Build.0 = Release|Any CPU
	EndGlobalSection
	GlobalSection(SolutionProperties) = preSolution
		HideSolutionNode = FALSE
	EndGlobalSection
	GlobalSection(ExtensibilityGlobals) = postSolution
		SolutionGuid = {695FC014-0B60-428B-B770-35C4DFD6C6AC}
	EndGlobalSection
EndGlobal
